
Microsoft Visual Studio Solution File, Format Version 12.00
# Visual Studio Version 17
VisualStudioVersion = 17.8.34330.188
MinimumVisualStudioVersion = 10.0.40219.1
Project("{FAE04EC0-301F-11D3-BF4B-00C04F79EFBC}") = "ModalExample", "ModalExample\ModalExample.csproj", "{05CFB4AC-FE21-421B-B634-D28DE90107F2}"
EndProject
Global
	GlobalSection(SolutionConfigurationPlatforms) = preSolution
		Debug|Any CPU = Debug|Any CPU
		Release|Any CPU = Release|Any CPU
	EndGlobalSection
	GlobalSection(ProjectConfigurationPlatforms) = postSolution
		{05CFB4AC-FE21-421B-B634-D28DE90107F2}.Debug|Any CPU.ActiveCfg = Debug|Any CPU
		{05CFB4AC-FE21-421B-B634-D28DE90107F2}.Debug|Any CPU.Build.0 = Debug|Any CPU
		{05CFB4AC-FE21-421B-B634-D28DE90107F2}.Release|Any CPU.ActiveCfg = Release|Any CPU
		{05CFB4AC-FE21-421B-B634-D28DE90107F2}.Release|Any CPU.Build.0 = Release|Any CPU
	EndGlobalSection
	GlobalSection(SolutionProperties) = preSolution
		HideSolutionNode = FALSE
	EndGlobalSection
	GlobalSection(ExtensibilityGlobals) = postSolution
		SolutionGuid = {1D2BE1AB-2B63-4634-A88B-49D77EBDA9E6}
	EndGlobalSection
EndGlobal
